# THIS IS AN AUTOGENERATED FILE. DO NOT EDIT THIS FILE DIRECTLY.
# yarn lockfile v1


archy@^1.0.0:
  version "1.0.0"
  resolved "https://registry.yarnpkg.com/archy/-/archy-1.0.0.tgz#f9c8c13757cc1dd7bc379ac77b2c62a5c2868c40"
  integrity sha1-+cjBN1fMHde8N5rHeyxipcKGjEA=

backoff@~2.5.0:
  version "2.5.0"
  resolved "https://registry.yarnpkg.com/backoff/-/backoff-2.5.0.tgz#f616eda9d3e4b66b8ca7fca79f695722c5f8e26f"
  integrity sha1-9hbtqdPktmuMp/ynn2lXIsX44m8=
  dependencies:
    precond "0.2"

bluebird@3.5.3:
  version "3.5.3"
  resolved "https://registry.yarnpkg.com/bluebird/-/bluebird-3.5.3.tgz#7d01c6f9616c9a51ab0f8c549a79dfe6ec33efa7"
  integrity sha512-/qKPUQlaW1OyR51WeCPBvRnAlnZFUJkCSG5HzGnuIqhgyJtF+T94lFnn33eiazjRm2LAHVy2guNnaq48X9SJuw==

boom@5.x.x:
  version "5.2.0"
  resolved "https://registry.yarnpkg.com/boom/-/boom-5.2.0.tgz#5dd9da6ee3a5f302077436290cb717d3f4a54e02"
  integrity sha512-Z5BTk6ZRe4tXXQlkqftmsAUANpXmuwlsF5Oov8ThoMbQRzdGTA1ngYRW160GexgOgjsFOKJz0LYhoNi+2AMBUw==
  dependencies:
    hoek "4.x.x"

caro-shared-resource@../SharedResource:
  version "1.0.0"

core-util-is@~1.0.0:
  version "1.0.2"
  resolved "https://registry.yarnpkg.com/core-util-is/-/core-util-is-1.0.2.tgz#b5fd54220aa2bc5ab57aab7140c940754503c1a7"
  integrity sha1-tf1UIgqivFq1eqtxQMlAdUUDwac=

eraro@1.0:
  version "1.0.0"
  resolved "https://registry.yarnpkg.com/eraro/-/eraro-1.0.0.tgz#8a2167f0bc6f964200a2fcde7a386d2d5dbbf912"
  integrity sha512-JeEqKyNgOxZNji2otWWDCDu1sWqGkrIBBhoGQH0LrPZObccQW8CoD94xkOtpmmlHeY/frG8IwR+jeCS8SQA/Xw==
  dependencies:
    lodash "4.17"

eraro@^1.0.0, eraro@^1.1.0:
  version "1.1.0"
  resolved "https://registry.yarnpkg.com/eraro/-/eraro-1.1.0.tgz#f53674a14aba33e5cdd89d1a72adb5fc4ed29fcb"
  integrity sha512-Iniul1qlKYp4XHkf4H6+qGUkRYLjE6xwhIyZU6D5q5DiMgjU8uUBkOT9Y8856GkNPJ1Zw5GYN9bvER5HCN6alQ==
  dependencies:
    lodash "4"

gate-executor@^1.1.1:
  version "1.1.1"
  resolved "https://registry.yarnpkg.com/gate-executor/-/gate-executor-1.1.1.tgz#667f677284a0dbe86b6c48a0b4afe8c484812caf"
  integrity sha1-Zn9ncoSg2+hrbEigtK/oxISBLK8=

gex@0.3, gex@^0.3.0:
  version "0.3.0"
  resolved "https://registry.yarnpkg.com/gex/-/gex-0.3.0.tgz#217324ccd6e5c61d2485c913eb7614b21358b97f"
  integrity sha512-A1F2DMZUAnieFmVowt1QHcH7AJQZApRThR+z4C0GlzMGi6VYUAf9UvQdxODiCajGPGSRso86YJQ48E8+b5CBAQ==
  dependencies:
    lodash "4.17"

hoek@4.2, hoek@4.x.x:
  version "4.2.1"
  resolved "https://registry.yarnpkg.com/hoek/-/hoek-4.2.1.tgz#9634502aa12c445dd5a7c5734b572bb8738aacbb"
  integrity sha512-QLg82fGkfnJ/4iy1xZ81/9SIJiq1NGFUMGs6ParyjBZr6jW2Ufj/snDqTHixNlHdPNwN2RLVD0Pi3igeK9+JfA==

inherits@~2.0.3:
  version "2.0.3"
  resolved "https://registry.yarnpkg.com/inherits/-/inherits-2.0.3.tgz#633c2c83e3da42a502f52466022480f4208261de"
  integrity sha1-Yzwsg+PaQqUC9SRmAiSA9CCCYd4=

isarray@~1.0.0:
  version "1.0.0"
  resolved "https://registry.yarnpkg.com/isarray/-/isarray-1.0.0.tgz#bb935d48582cba168c06834957a54a3e07124f11"
  integrity sha1-u5NdSFgsuhaMBoNJV6VKPgcSTxE=

isemail@3.x.x:
  version "3.2.0"
  resolved "https://registry.yarnpkg.com/isemail/-/isemail-3.2.0.tgz#59310a021931a9fb06bbb51e155ce0b3f236832c"
  integrity sha512-zKqkK+O+dGqevc93KNsbZ/TqTUFd46MwWjYOoMrjIMZ51eU7DtQG3Wmd9SQQT7i7RVnuTPEiYEWHU3MSbxC1Tg==
  dependencies:
    punycode "2.x.x"

joi@12.0:
  version "12.0.0"
  resolved "https://registry.yarnpkg.com/joi/-/joi-12.0.0.tgz#46f55e68f4d9628f01bbb695902c8b307ad8d33a"
  integrity sha512-z0FNlV4NGgjQN1fdtHYXf5kmgludM65fG/JlXzU6+rwkt9U5UWuXVYnXa2FpK0u6+qBuCmrm5byPNuiiddAHvQ==
  dependencies:
    hoek "4.x.x"
    isemail "3.x.x"
    topo "2.x.x"

json-stringify-safe@^5.0.1:
  version "5.0.1"
  resolved "https://registry.yarnpkg.com/json-stringify-safe/-/json-stringify-safe-5.0.1.tgz#1296a2d58fd45f19a0f6ce01d65701e2c735b6eb"
  integrity sha1-Epai1Y/UXxmg9s4B1lcB4sc1tus=

jsonic@^0.3.1:
  version "0.3.1"
  resolved "https://registry.yarnpkg.com/jsonic/-/jsonic-0.3.1.tgz#da306185dc635b649ad934e3f6826188cad73bdb"
  integrity sha512-5Md4EK3vPAMvP2sXY6M3/vQEPeX3LxEQBJuF979uypddXjsUlEoAI9/Nojh8tbw+YU5FjMoqSElO6oyjrAuprw==

lodash@4, lodash@4.17, lodash@^4.17.11:
  version "4.17.11"
  resolved "https://registry.yarnpkg.com/lodash/-/lodash-4.17.11.tgz#b39ea6229ef607ecd89e2c8df12536891cac9b8d"
  integrity sha512-cQKh8igo5QUhZ7lg38DYWAxMvjSAKG0A8wGSVimP07SIUEK2UO+arSRKbRZWtelMtN5V0Hkwh5ryOto/SshYIg==

lru-cache@^4.1.5:
  version "4.1.5"
  resolved "https://registry.yarnpkg.com/lru-cache/-/lru-cache-4.1.5.tgz#8bbe50ea85bed59bc9e33dcab8235ee9bcf443cd"
  integrity sha512-sWZlbEP2OsHNkXrMl5GYk/jKk70MBng6UU4YI/qGDYbgf6YbP4EvmqISbXCoJiRKs+1bSpFHVgQxvJ17F2li5g==
  dependencies:
    pseudomap "^1.0.2"
    yallist "^2.1.2"

minimist@^1.2.0:
  version "1.2.0"
  resolved "https://registry.yarnpkg.com/minimist/-/minimist-1.2.0.tgz#a35008b20f41383eec1fb914f4cd5df79a264284"
  integrity sha1-o1AIsg9BOD7sH7kU9M1d95omQoQ=

ndjson@^1.5.0:
  version "1.5.0"
  resolved "https://registry.yarnpkg.com/ndjson/-/ndjson-1.5.0.tgz#ae603b36b134bcec347b452422b0bf98d5832ec8"
  integrity sha1-rmA7NrE0vOw0e0UkIrC/mNWDLsg=
  dependencies:
    json-stringify-safe "^5.0.1"
    minimist "^1.2.0"
    split2 "^2.1.0"
    through2 "^2.0.3"

nid@^0.3.2:
  version "0.3.2"
  resolved "https://registry.yarnpkg.com/nid/-/nid-0.3.2.tgz#977a9318ed5c2a38edd66263f3eafd8143f2251a"
  integrity sha1-l3qTGO1cKjjt1mJj8+r9gUPyJRo=

norma@^0.4.1:
  version "0.4.1"
  resolved "https://registry.yarnpkg.com/norma/-/norma-0.4.1.tgz#0be2f05bba4c034c6ce5bac9844e1241699d6585"
  integrity sha512-BSnU+B35GzJgkEcNqiMIm79507Qg68O5L7gRVKATRSx17BHyDn0gVJsi3YzoANC1NbBoKRExwd3KsEZSUox63Q==
  dependencies:
    eraro "1.0"
    lodash "4.17"

optioner@^3.0.0:
  version "3.0.0"
  resolved "https://registry.yarnpkg.com/optioner/-/optioner-3.0.0.tgz#286c557afe37280980a92076bdeea91543aef05c"
  integrity sha512-zKovfSvZ9yV8y8ulv3xLoo4qlT3HsphAglZWNHaKC36lAsjmt7febKS0OorB/g74nYU4KN3mXrTIRq4kDmHdWQ==
  dependencies:
    hoek "4.2"
    joi "12.0"

ordu@^0.1.1:
  version "0.1.1"
  resolved "https://registry.yarnpkg.com/ordu/-/ordu-0.1.1.tgz#9c8109493693caf08299fca84c596aeb860baeaa"
  integrity sha1-nIEJSTaTyvCCmfyoTFlq64YLrqo=

patrun@^1.0.0:
  version "1.0.0"
  resolved "https://registry.yarnpkg.com/patrun/-/patrun-1.0.0.tgz#c50a2174e3e02afe7fbc35d16e658d21c66a1e66"
  integrity sha512-oemWSuxjb27nPkREl88BxZ2EFDFUKSPace+zYZjFKj2xFn6w/LgDFGptgQvme384As2gpEFIv4WMVE1cb9lDXQ==
  dependencies:
    gex "0.3"
    lodash "4.17"

precond@0.2:
  version "0.2.3"
  resolved "https://registry.yarnpkg.com/precond/-/precond-0.2.3.tgz#aa9591bcaa24923f1e0f4849d240f47efc1075ac"
  integrity sha1-qpWRvKokkj8eD0hJ0kD0fvwQdaw=

process-nextick-args@~2.0.0:
  version "2.0.0"
  resolved "https://registry.yarnpkg.com/process-nextick-args/-/process-nextick-args-2.0.0.tgz#a37d732f4271b4ab1ad070d35508e8290788ffaa"
  integrity sha512-MtEC1TqN0EU5nephaJ4rAtThHtC86dNN9qCuEhtshvpVBkAW5ZO7BASN9REnF9eoXGcRub+pFuKEpOHE+HbEMw==

pseudomap@^1.0.2:
  version "1.0.2"
  resolved "https://registry.yarnpkg.com/pseudomap/-/pseudomap-1.0.2.tgz#f052a28da70e618917ef0a8ac34c1ae5a68286b3"
  integrity sha1-8FKijacOYYkX7wqKw0wa5aaChrM=

punycode@2.x.x:
  version "2.1.1"
  resolved "https://registry.yarnpkg.com/punycode/-/punycode-2.1.1.tgz#b58b010ac40c22c5657616c8d2c2c02c7bf479ec"
  integrity sha512-XRsRjdf+j5ml+y/6GKHPZbrF/8p2Yga0JPtdqTIY2Xe5ohJPD9saDJJLPvp9+NSBprVvevdXZybnj2cv8OEd0A==

qs@^6.5.2, qs@^6.6.0:
  version "6.6.0"
  resolved "https://registry.yarnpkg.com/qs/-/qs-6.6.0.tgz#a99c0f69a8d26bf7ef012f871cdabb0aee4424c2"
  integrity sha512-KIJqT9jQJDQx5h5uAVPimw6yVg2SekOKu959OCtktD3FjzbpvaPr8i4zzg07DOMz+igA4W/aNM7OV8H37pFYfA==

readable-stream@~2.3.6:
  version "2.3.6"
  resolved "https://registry.yarnpkg.com/readable-stream/-/readable-stream-2.3.6.tgz#b11c27d88b8ff1fbe070643cf94b0c79ae1b0aaf"
  integrity sha512-tQtKA9WIAhBF3+VLAseyMqZeBjW0AHJoxOtYqSUZNJxauErmLbVm2FW1y+J/YA9dUrAC39ITejlZWhVIwawkKw==
  dependencies:
    core-util-is "~1.0.0"
    inherits "~2.0.3"
    isarray "~1.0.0"
    process-nextick-args "~2.0.0"
    safe-buffer "~5.1.1"
    string_decoder "~1.1.1"
    util-deprecate "~1.0.1"

reconnect-core@^1.3.0:
  version "1.3.0"
  resolved "https://registry.yarnpkg.com/reconnect-core/-/reconnect-core-1.3.0.tgz#fbae52919a7877d844e3246d01a2f26701c833c8"
  integrity sha1-+65SkZp4d9hE4yRtAaLyZwHIM8g=
  dependencies:
    backoff "~2.5.0"

rolling-stats@^0.1.1:
  version "0.1.1"
  resolved "https://registry.yarnpkg.com/rolling-stats/-/rolling-stats-0.1.1.tgz#cd5af774a8893b30a674832fa2f4abaa478cfc80"
  integrity sha1-zVr3dKiJOzCmdIMvovSrqkeM/IA=

safe-buffer@~5.1.0, safe-buffer@~5.1.1:
  version "5.1.2"
  resolved "https://registry.yarnpkg.com/safe-buffer/-/safe-buffer-5.1.2.tgz#991ec69d296e0313747d59bdfd2b745c35f8828d"
  integrity sha512-Gd2UZBJDkXlY7GbJxfsE8/nvKkUEU1G38c1siN6QP6a9PT9MmHB8GnpscSmMJSoF8LOIrt8ud/wPtojys4G6+g==

semver@^5.6.0:
  version "5.6.0"
  resolved "https://registry.yarnpkg.com/semver/-/semver-5.6.0.tgz#7e74256fbaa49c75aa7c7a205cc22799cac80004"
  integrity sha512-RS9R6R35NYgQn++fkDWaOmqGoj4Ek9gGs+DPxNUZKuwE183xjJroKvyo1IzVFeXvUrvmALy6FWD5xrdJT25gMg==

seneca-transport@^3.0.0:
  version "3.0.0"
  resolved "https://registry.yarnpkg.com/seneca-transport/-/seneca-transport-3.0.0.tgz#9598481a711339571fdddc5b219db2a1ead03a48"
  integrity sha512-W9td5m07WCXAsneUhsLNwy2aZhjFcETOhfy2HaJib6+2Lqnaa2HaFCaVjFE5vvc9DFJA6JWaNAnbqUR3hxYhCw==
  dependencies:
    eraro "^1.1.0"
    gex "^0.3.0"
    jsonic "^0.3.1"
    lodash "^4.17.11"
    lru-cache "^4.1.5"
    ndjson "^1.5.0"
    nid "^0.3.2"
    patrun "^1.0.0"
    qs "^6.5.2"
    reconnect-core "^1.3.0"
    wreck "^12.5.1"

seneca@3.8.4:
  version "3.8.4"
  resolved "https://registry.yarnpkg.com/seneca/-/seneca-3.8.4.tgz#93eb8dd775bde155fd84a42e77ffe2775ea4d9fb"
  integrity sha512-NuhV7/PAdMmSwjaXyipnUt6MUytI+lnX+tGIelDRXBkaVuoU0KsPusNKfNKBvKAwmCPcVgAKFgprVBsyNgHUuQ==
  dependencies:
    archy "^1.0.0"
    eraro "^1.1.0"
    gate-executor "^1.1.1"
    gex "^0.3.0"
    json-stringify-safe "^5.0.1"
    jsonic "^0.3.1"
    lodash "^4.17.11"
    minimist "^1.2.0"
    nid "^0.3.2"
    norma "^0.4.1"
    ordu "^0.1.1"
    patrun "^1.0.0"
    qs "^6.6.0"
    rolling-stats "^0.1.1"
    semver "^5.6.0"
    seneca-transport "^3.0.0"
    use-plugin "^4.0.0"
    wreck "^12.5.1"

split2@^2.1.0:
  version "2.2.0"
  resolved "https://registry.yarnpkg.com/split2/-/split2-2.2.0.tgz#186b2575bcf83e85b7d18465756238ee4ee42493"
  integrity sha512-RAb22TG39LhI31MbreBgIuKiIKhVsawfTgEGqKHTK87aG+ul/PB8Sqoi3I7kVdRWiCfrKxK3uo4/YUkpNvhPbw==
  dependencies:
    through2 "^2.0.2"

string_decoder@~1.1.1:
  version "1.1.1"
  resolved "https://registry.yarnpkg.com/string_decoder/-/string_decoder-1.1.1.tgz#9cf1611ba62685d7030ae9e4ba34149c3af03fc8"
  integrity sha512-n/ShnvDi6FHbbVfviro+WojiFzv+s8MPMHBczVePfUpDJLwoLT0ht1l4YwBCbi8pJAveEEdnkHyPyTP/mzRfwg==
  dependencies:
    safe-buffer "~5.1.0"

through2@^2.0.2, through2@^2.0.3:
  version "2.0.5"
  resolved "https://registry.yarnpkg.com/through2/-/through2-2.0.5.tgz#01c1e39eb31d07cb7d03a96a70823260b23132cd"
  integrity sha512-/mrRod8xqpA+IHSLyGCQ2s8SPHiCDEeQJSep1jqLYeEUClOFG2Qsh+4FU6G9VeqpZnGW/Su8LQGc4YKni5rYSQ==
  dependencies:
    readable-stream "~2.3.6"
    xtend "~4.0.1"

topo@2.x.x:
  version "2.0.2"
  resolved "https://registry.yarnpkg.com/topo/-/topo-2.0.2.tgz#cd5615752539057c0dc0491a621c3bc6fbe1d182"
  integrity sha1-zVYVdSU5BXwNwEkaYhw7xvvh0YI=
  dependencies:
    hoek "4.x.x"

use-plugin@^4.0.0:
  version "4.0.0"
  resolved "https://registry.yarnpkg.com/use-plugin/-/use-plugin-4.0.0.tgz#dfe973a248038d42c9096ca28ef2f762aab78a3d"
  integrity sha512-xSYPDkFFmg6qVPB7falq3upKA/GB7cwn3Z85V9TMn0Ye8jizPvFPetkjo9UDZtOEyYf3qZWaBxc5U87fMQ7iXg==
  dependencies:
    eraro "^1.0.0"
    nid "^0.3.2"
    norma "^0.4.1"
    optioner "^3.0.0"

util-deprecate@~1.0.1:
  version "1.0.2"
  resolved "https://registry.yarnpkg.com/util-deprecate/-/util-deprecate-1.0.2.tgz#450d4dc9fa70de732762fbd2d4a28981419a0ccf"
  integrity sha1-RQ1Nyfpw3nMnYvvS1KKJgUGaDM8=

wreck@^12.5.1:
  version "12.5.1"
  resolved "https://registry.yarnpkg.com/wreck/-/wreck-12.5.1.tgz#cd2ffce167449e1f0242ed9cf80552e20fb6902a"
  integrity sha512-l5DUGrc+yDyIflpty1x9XuMj1ehVjC/dTbF3/BasOO77xk0EdEa4M/DuOY8W88MQDAD0fEDqyjc8bkIMHd2E9A==
  dependencies:
    boom "5.x.x"
    hoek "4.x.x"

xtend@~4.0.1:
  version "4.0.1"
  resolved "https://registry.yarnpkg.com/xtend/-/xtend-4.0.1.tgz#a5c6d532be656e23db820efb943a1f04998d63af"
  integrity sha1-pcbVMr5lbiPbgg77lDofBJmNY68=

yallist@^2.1.2:
  version "2.1.2"
  resolved "https://registry.yarnpkg.com/yallist/-/yallist-2.1.2.tgz#1c11f9218f076089a47dd512f93c6699a6a81d52"
  integrity sha1-HBH5IY8HYImkfdUS+TxmmaaoHVI=
